
Microsoft Visual Studio Solution File, Format Version 12.00
# Visual Studio Version 16
VisualStudioVersion = 16.0.30907.101
MinimumVisualStudioVersion = 10.0.40219.1
Project("{FAE04EC0-301F-11D3-BF4B-00C04F79EFBC}") = "ApusCookBook", "ApusCookBook.csproj", "{D34D64CD-B320-4CD4-A7B2-8863EE9D6298}"
EndProject
Global
	GlobalSection(SolutionConfigurationPlatforms) = preSolution
		Debug|Any CPU = Debug|Any CPU
		Release|Any CPU = Release|Any CPU
	EndGlobalSection
	GlobalSection(ProjectConfigurationPlatforms) = postSolution
		{D34D64CD-B320-4CD4-A7B2-8863EE9D6298}.Debug|Any CPU.ActiveCfg = Debug|Any CPU
		{D34D64CD-B320-4CD4-A7B2-8863EE9D6298}.Debug|Any CPU.Build.0 = Debug|Any CPU
		{D34D64CD-B320-4CD4-A7B2-8863EE9D6298}.Release|Any CPU.ActiveCfg = Release|Any CPU
		{D34D64CD-B320-4CD4-A7B2-8863EE9D6298}.Release|Any CPU.Build.0 = Release|Any CPU
	EndGlobalSection
	GlobalSection(SolutionProperties) = preSolution
		HideSolutionNode = FALSE
	EndGlobalSection
	GlobalSection(ExtensibilityGlobals) = postSolution
		SolutionGuid = {F6C0BA01-5D2C-4868-93B0-85BCF6B54EE4}
	EndGlobalSection
EndGlobal
